
Microsoft Visual Studio Solution File, Format Version 12.00
# Visual Studio Version 17
VisualStudioVersion = 17.4.33213.308
MinimumVisualStudioVersion = 10.0.40219.1
Project("{FAE04EC0-301F-11D3-BF4B-00C04F79EFBC}") = "POO", "POO.csproj", "{ABECED8D-9E3C-402C-8F7C-FABE2540ED48}"
EndProject
Global
	GlobalSection(SolutionConfigurationPlatforms) = preSolution
		Debug|Any CPU = Debug|Any CPU
		Release|Any CPU = Release|Any CPU
	EndGlobalSection
	GlobalSection(ProjectConfigurationPlatforms) = postSolution
		{ABECED8D-9E3C-402C-8F7C-FABE2540ED48}.Debug|Any CPU.ActiveCfg = Debug|Any CPU
		{ABECED8D-9E3C-402C-8F7C-FABE2540ED48}.Debug|Any CPU.Build.0 = Debug|Any CPU
		{ABECED8D-9E3C-402C-8F7C-FABE2540ED48}.Release|Any CPU.ActiveCfg = Release|Any CPU
		{ABECED8D-9E3C-402C-8F7C-FABE2540ED48}.Release|Any CPU.Build.0 = Release|Any CPU
	EndGlobalSection
	GlobalSection(SolutionProperties) = preSolution
		HideSolutionNode = FALSE
	EndGlobalSection
	GlobalSection(ExtensibilityGlobals) = postSolution
		SolutionGuid = {492EB2DD-BF37-4FC3-9C8E-7417B3BCB4FA}
	EndGlobalSection
EndGlobal
